{
    "version": 3,
    "terraform_version": "0.8.0",
    "serial": 9,
    "lineage": "7640a8c5-8358-4c55-b151-bdc15e4f8849",
    "modules": [
        {
            "path": [
                "root"
            ],
            "outputs": {},
            "resources": {
                "aws_eip.natgw": {
                    "type": "aws_eip",
                    "depends_on": [],
                    "primary": {
                        "id": "eipalloc-716a2416",
                        "attributes": {
                            "association_id": "eipassoc-d21e4fa9",
                            "domain": "vpc",
                            "id": "eipalloc-716a2416",
                            "instance": "",
                            "network_interface": "eni-2ebb375f",
                            "private_ip": "10.0.1.50",
                            "public_ip": "35.166.24.42",
                            "vpc": "true"
                        },
                        "meta": {},
                        "tainted": false
                    },
                    "deposed": [],
                    "provider": ""
                },
                "aws_instance.app": {
                    "type": "aws_instance",
                    "depends_on": [
                        "aws_key_pair.deployer",
                        "aws_security_group.backend_server",
                        "aws_subnet.private"
                    ],
                    "primary": {
                        "id": "i-0cb1f462aa7c94239",
                        "attributes": {
                            "ami": "ami-5ec1673e",
                            "associate_public_ip_address": "false",
                            "availability_zone": "us-west-2a",
                            "disable_api_termination": "false",
                            "ebs_block_device.#": "0",
                            "ebs_optimized": "false",
                            "ephemeral_block_device.#": "0",
                            "iam_instance_profile": "",
                            "id": "i-0cb1f462aa7c94239",
                            "instance_state": "running",
                            "instance_type": "t2.micro",
                            "key_name": "deployer-key",
                            "monitoring": "false",
                            "network_interface_id": "eni-6279f513",
                            "private_dns": "ip-10-0-11-161.us-west-2.compute.internal",
                            "private_ip": "10.0.11.161",
                            "public_dns": "",
                            "public_ip": "",
                            "root_block_device.#": "1",
                            "root_block_device.0.delete_on_termination": "true",
                            "root_block_device.0.iops": "100",
                            "root_block_device.0.volume_size": "8",
                            "root_block_device.0.volume_type": "gp2",
                            "security_groups.#": "0",
                            "source_dest_check": "true",
                            "subnet_id": "subnet-99af57fe",
                            "tags.%": "1",
                            "tags.Name": "backend_server-0",
                            "tenancy": "default",
                            "vpc_security_group_ids.#": "1",
                            "vpc_security_group_ids.2901413423": "sg-196a7660"
                        },
                        "meta": {
                            "schema_version": "1"
                        },
                        "tainted": false
                    },
                    "deposed": [],
                    "provider": ""
                },
                "aws_instance.jumpBox": {
                    "type": "aws_instance",
                    "depends_on": [
                        "aws_key_pair.deployer",
                        "aws_security_group.ssh_anywhere",
                        "aws_subnet.public"
                    ],
                    "primary": {
                        "id": "i-03ee4a51df1a48a48",
                        "attributes": {
                            "ami": "ami-5ec1673e",
                            "associate_public_ip_address": "true",
                            "availability_zone": "us-west-2a",
                            "disable_api_termination": "false",
                            "ebs_block_device.#": "0",
                            "ebs_optimized": "false",
                            "ephemeral_block_device.#": "0",
                            "iam_instance_profile": "",
                            "id": "i-03ee4a51df1a48a48",
                            "instance_state": "running",
                            "instance_type": "t2.micro",
                            "key_name": "deployer-key",
                            "monitoring": "false",
                            "network_interface_id": "eni-4a74f83b",
                            "private_dns": "ip-10-0-1-78.us-west-2.compute.internal",
                            "private_ip": "10.0.1.78",
                            "public_dns": "ec2-54-186-162-2.us-west-2.compute.amazonaws.com",
                            "public_ip": "54.186.162.2",
                            "root_block_device.#": "1",
                            "root_block_device.0.delete_on_termination": "true",
                            "root_block_device.0.iops": "100",
                            "root_block_device.0.volume_size": "8",
                            "root_block_device.0.volume_type": "gp2",
                            "security_groups.#": "0",
                            "source_dest_check": "true",
                            "subnet_id": "subnet-98af57ff",
                            "tags.%": "1",
                            "tags.Name": "jumpBox-0",
                            "tenancy": "default",
                            "vpc_security_group_ids.#": "1",
                            "vpc_security_group_ids.4284285239": "sg-60647819"
                        },
                        "meta": {
                            "schema_version": "1"
                        },
                        "tainted": false
                    },
                    "deposed": [],
                    "provider": ""
                },
                "aws_internet_gateway.default": {
                    "type": "aws_internet_gateway",
                    "depends_on": [
                        "aws_vpc.default"
                    ],
                    "primary": {
                        "id": "igw-af2a41cb",
                        "attributes": {
                            "id": "igw-af2a41cb",
                            "tags.%": "1",
                            "tags.Name": "default-internet_gateway-vpc-723de415",
                            "vpc_id": "vpc-723de415"
                        },
                        "meta": {},
                        "tainted": false
                    },
                    "deposed": [],
                    "provider": ""
                },
                "aws_key_pair.deployer": {
                    "type": "aws_key_pair",
                    "depends_on": [],
                    "primary": {
                        "id": "deployer-key",
                        "attributes": {
                            "fingerprint": "a4:b3:6a:59:b8:59:3c:c4:55:ce:6e:96:d0:cd:c0:83",
                            "id": "deployer-key",
                            "key_name": "deployer-key",
                            "public_key": "ssh-rsa AAAAB3NzaC1yc2EAAAADAQABAAABAQCpchbWVJePoLezUUbt2sDZxXxtHAswlk6btRna7ZlFZmr0SiF+SfxYgfBtkreJTkH3N7D+8mdSPvRuogq/Xhkyou5mrY/6BJ7o3BPLS3zz+WWAwfmU8oa3US2ZVbGTTFOQLarMTm+g9ChS1swdFUzwEUHu0Xrakel5NyTnL0mZItnOvSzmgLNeaExCEVUqzLa6HVuIZ1Ka82avMRkF+7pvg7wLNKoQy5GgcmFhYF92e6zfwMU66BJnkC4FRYYxEvaQEg+iIg6fIhwSGlotpRSAZW9pqdDWY/FE3D7dj60gg47wLF/Ik/iIeioHYVpUIx4nZhV1IVfPjkzpRubVLw0/ insecure-deployer"
                        },
                        "meta": {
                            "schema_version": "1"
                        },
                        "tainted": false
                    },
                    "deposed": [],
                    "provider": ""
                },
                "aws_nat_gateway.natgw": {
                    "type": "aws_nat_gateway",
                    "depends_on": [
                        "aws_eip.natgw",
                        "aws_internet_gateway.default",
                        "aws_subnet.public"
                    ],
                    "primary": {
                        "id": "nat-0bcda0c8f8667a18d",
                        "attributes": {
                            "allocation_id": "eipalloc-716a2416",
                            "id": "nat-0bcda0c8f8667a18d",
                            "network_interface_id": "eni-2ebb375f",
                            "private_ip": "10.0.1.50",
                            "public_ip": "35.166.24.42",
                            "subnet_id": "subnet-98af57ff"
                        },
                        "meta": {},
                        "tainted": false
                    },
                    "deposed": [],
                    "provider": ""
                },
                "aws_route_table.natgw": {
                    "type": "aws_route_table",
                    "depends_on": [
                        "aws_nat_gateway.natgw",
                        "aws_vpc.default"
                    ],
                    "primary": {
                        "id": "rtb-1d79107a",
                        "attributes": {
                            "id": "rtb-1d79107a",
                            "propagating_vgws.#": "0",
                            "route.#": "1",
                            "route.330285982.cidr_block": "0.0.0.0/0",
                            "route.330285982.gateway_id": "nat-0bcda0c8f8667a18d",
                            "route.330285982.instance_id": "",
                            "route.330285982.nat_gateway_id": "",
                            "route.330285982.network_interface_id": "",
                            "route.330285982.vpc_peering_connection_id": "",
                            "tags.%": "1",
                            "tags.Name": "natgw-route_table-vpc-723de415",
                            "vpc_id": "vpc-723de415"
                        },
                        "meta": {},
                        "tainted": false
                    },
                    "deposed": [],
                    "provider": ""
                },
                "aws_route_table.public": {
                    "type": "aws_route_table",
                    "depends_on": [
                        "aws_internet_gateway.default",
                        "aws_vpc.default"
                    ],
                    "primary": {
                        "id": "rtb-1c79107b",
                        "attributes": {
                            "id": "rtb-1c79107b",
                            "propagating_vgws.#": "0",
                            "route.#": "1",
                            "route.2557740613.cidr_block": "0.0.0.0/0",
                            "route.2557740613.gateway_id": "igw-af2a41cb",
                            "route.2557740613.instance_id": "",
                            "route.2557740613.nat_gateway_id": "",
                            "route.2557740613.network_interface_id": "",
                            "route.2557740613.vpc_peering_connection_id": "",
                            "tags.%": "1",
                            "tags.Name": "public-route_table-vpc-723de415",
                            "vpc_id": "vpc-723de415"
                        },
                        "meta": {},
                        "tainted": false
                    },
                    "deposed": [],
                    "provider": ""
                },
                "aws_route_table_association.natgw": {
                    "type": "aws_route_table_association",
                    "depends_on": [
                        "aws_route_table.natgw",
                        "aws_subnet.private"
                    ],
                    "primary": {
                        "id": "rtbassoc-3dd27b5b",
                        "attributes": {
                            "id": "rtbassoc-3dd27b5b",
                            "route_table_id": "rtb-1d79107a",
                            "subnet_id": "subnet-99af57fe"
                        },
                        "meta": {},
                        "tainted": false
                    },
                    "deposed": [],
                    "provider": ""
                },
                "aws_route_table_association.public": {
                    "type": "aws_route_table_association",
                    "depends_on": [
                        "aws_route_table.public",
                        "aws_subnet.public"
                    ],
                    "primary": {
                        "id": "rtbassoc-3ad27b5c",
                        "attributes": {
                            "id": "rtbassoc-3ad27b5c",
                            "route_table_id": "rtb-1c79107b",
                            "subnet_id": "subnet-98af57ff"
                        },
                        "meta": {},
                        "tainted": false
                    },
                    "deposed": [],
                    "provider": ""
                },
                "aws_security_group.backend_server": {
                    "type": "aws_security_group",
                    "depends_on": [
                        "aws_vpc.default",
                        "aws_vpc.default"
                    ],
                    "primary": {
                        "id": "sg-196a7660",
                        "attributes": {
                            "description": "Security group for web that allows web traffic from internet",
                            "egress.#": "1",
                            "egress.482069346.cidr_blocks.#": "1",
                            "egress.482069346.cidr_blocks.0": "0.0.0.0/0",
                            "egress.482069346.from_port": "0",
                            "egress.482069346.prefix_list_ids.#": "0",
                            "egress.482069346.protocol": "-1",
                            "egress.482069346.security_groups.#": "0",
                            "egress.482069346.self": "false",
                            "egress.482069346.to_port": "0",
                            "id": "sg-196a7660",
                            "ingress.#": "2",
                            "ingress.2165049311.cidr_blocks.#": "1",
                            "ingress.2165049311.cidr_blocks.0": "10.0.0.0/16",
                            "ingress.2165049311.from_port": "80",
                            "ingress.2165049311.protocol": "tcp",
                            "ingress.2165049311.security_groups.#": "0",
                            "ingress.2165049311.self": "false",
                            "ingress.2165049311.to_port": "80",
                            "ingress.931551850.cidr_blocks.#": "1",
                            "ingress.931551850.cidr_blocks.0": "10.0.0.0/16",
                            "ingress.931551850.from_port": "22",
                            "ingress.931551850.protocol": "tcp",
                            "ingress.931551850.security_groups.#": "0",
                            "ingress.931551850.self": "false",
                            "ingress.931551850.to_port": "22",
                            "name": "test backend_server",
                            "owner_id": "660856689060",
                            "tags.%": "1",
                            "tags.Name": "backend_server-vpc-723de415",
                            "vpc_id": "vpc-723de415"
                        },
                        "meta": {},
                        "tainted": false
                    },
                    "deposed": [],
                    "provider": ""
                },
                "aws_security_group.ssh_anywhere": {
                    "type": "aws_security_group",
                    "depends_on": [
                        "aws_vpc.default"
                    ],
                    "primary": {
                        "id": "sg-60647819",
                        "attributes": {
                            "description": "Security group for web that allows web traffic from internet",
                            "egress.#": "1",
                            "egress.482069346.cidr_blocks.#": "1",
                            "egress.482069346.cidr_blocks.0": "0.0.0.0/0",
                            "egress.482069346.from_port": "0",
                            "egress.482069346.prefix_list_ids.#": "0",
                            "egress.482069346.protocol": "-1",
                            "egress.482069346.security_groups.#": "0",
                            "egress.482069346.self": "false",
                            "egress.482069346.to_port": "0",
                            "id": "sg-60647819",
                            "ingress.#": "1",
                            "ingress.2541437006.cidr_blocks.#": "1",
                            "ingress.2541437006.cidr_blocks.0": "0.0.0.0/0",
                            "ingress.2541437006.from_port": "22",
                            "ingress.2541437006.protocol": "tcp",
                            "ingress.2541437006.security_groups.#": "0",
                            "ingress.2541437006.self": "false",
                            "ingress.2541437006.to_port": "22",
                            "name": "ssh_anywhere",
                            "owner_id": "660856689060",
                            "tags.%": "1",
                            "tags.Name": "ssh_anywhere-vpc-723de415",
                            "vpc_id": "vpc-723de415"
                        },
                        "meta": {},
                        "tainted": false
                    },
                    "deposed": [],
                    "provider": ""
                },
                "aws_subnet.private": {
                    "type": "aws_subnet",
                    "depends_on": [
                        "aws_vpc.default"
                    ],
                    "primary": {
                        "id": "subnet-99af57fe",
                        "attributes": {
                            "availability_zone": "us-west-2a",
                            "cidr_block": "10.0.11.0/24",
                            "id": "subnet-99af57fe",
                            "map_public_ip_on_launch": "false",
                            "tags.%": "1",
                            "tags.Name": "privateSubnet-vpc-723de415",
                            "vpc_id": "vpc-723de415"
                        },
                        "meta": {},
                        "tainted": false
                    },
                    "deposed": [],
                    "provider": ""
                },
                "aws_subnet.public": {
                    "type": "aws_subnet",
                    "depends_on": [
                        "aws_internet_gateway.default",
                        "aws_vpc.default"
                    ],
                    "primary": {
                        "id": "subnet-98af57ff",
                        "attributes": {
                            "availability_zone": "us-west-2a",
                            "cidr_block": "10.0.1.0/24",
                            "id": "subnet-98af57ff",
                            "map_public_ip_on_launch": "false",
                            "tags.%": "1",
                            "tags.Name": "publicSubnet-vpc-723de415",
                            "vpc_id": "vpc-723de415"
                        },
                        "meta": {},
                        "tainted": false
                    },
                    "deposed": [],
                    "provider": ""
                },
                "aws_vpc.default": {
                    "type": "aws_vpc",
                    "depends_on": [],
                    "primary": {
                        "id": "vpc-723de415",
                        "attributes": {
                            "cidr_block": "10.0.0.0/16",
                            "default_network_acl_id": "acl-b9f774de",
                            "default_route_table_id": "rtb-16791071",
                            "default_security_group_id": "sg-1a7e6263",
                            "dhcp_options_id": "dopt-83d6bce6",
                            "enable_classiclink": "false",
                            "enable_dns_hostnames": "true",
                            "enable_dns_support": "true",
                            "id": "vpc-723de415",
                            "instance_tenancy": "default",
                            "main_route_table_id": "rtb-16791071",
                            "tags.%": "1",
                            "tags.Name": "infra-as-code-tf-example"
                        },
                        "meta": {},
                        "tainted": false
                    },
                    "deposed": [],
                    "provider": ""
                }
            },
            "depends_on": []
        }
    ]
}
